
Microsoft Visual Studio Solution File, Format Version 12.00
# Visual Studio Version 16
VisualStudioVersion = 16.0.29728.190
MinimumVisualStudioVersion = 10.0.40219.1
Project("{FAE04EC0-301F-11D3-BF4B-00C04F79EFBC}") = "SpecFlowWebDriver", "SpecFlowWebDriver\SpecFlowWebDriver.csproj", "{8842CC9F-6C6E-4794-B357-DA9A733C5018}"
EndProject
Global
	GlobalSection(SolutionConfigurationPlatforms) = preSolution
		Debug|Any CPU = Debug|Any CPU
		Release|Any CPU = Release|Any CPU
	EndGlobalSection
	GlobalSection(ProjectConfigurationPlatforms) = postSolution
		{8842CC9F-6C6E-4794-B357-DA9A733C5018}.Debug|Any CPU.ActiveCfg = Debug|Any CPU
		{8842CC9F-6C6E-4794-B357-DA9A733C5018}.Debug|Any CPU.Build.0 = Debug|Any CPU
		{8842CC9F-6C6E-4794-B357-DA9A733C5018}.Release|Any CPU.ActiveCfg = Release|Any CPU
		{8842CC9F-6C6E-4794-B357-DA9A733C5018}.Release|Any CPU.Build.0 = Release|Any CPU
	EndGlobalSection
	GlobalSection(SolutionProperties) = preSolution
		HideSolutionNode = FALSE
	EndGlobalSection
	GlobalSection(ExtensibilityGlobals) = postSolution
		SolutionGuid = {13A6A090-58D4-4B49-A74F-321B510BD816}
	EndGlobalSection
EndGlobal
